
Microsoft Visual Studio Solution File, Format Version 12.00
# Visual Studio Version 17
VisualStudioVersion = 17.10.35122.118
MinimumVisualStudioVersion = 10.0.40219.1
Project("{FAE04EC0-301F-11D3-BF4B-00C04F79EFBC}") = "CAN_TOOLS", "CAN_TOOLS.csproj", "{CDE80F63-9065-4BB6-8C59-D9D91656276A}"
EndProject
Global
	GlobalSection(SolutionConfigurationPlatforms) = preSolution
		Debug|Any CPU = Debug|Any CPU
		Release|Any CPU = Release|Any CPU
	EndGlobalSection
	GlobalSection(ProjectConfigurationPlatforms) = postSolution
		{CDE80F63-9065-4BB6-8C59-D9D91656276A}.Debug|Any CPU.ActiveCfg = Debug|Any CPU
		{CDE80F63-9065-4BB6-8C59-D9D91656276A}.Debug|Any CPU.Build.0 = Debug|Any CPU
		{CDE80F63-9065-4BB6-8C59-D9D91656276A}.Release|Any CPU.ActiveCfg = Release|Any CPU
		{CDE80F63-9065-4BB6-8C59-D9D91656276A}.Release|Any CPU.Build.0 = Release|Any CPU
	EndGlobalSection
	GlobalSection(SolutionProperties) = preSolution
		HideSolutionNode = FALSE
	EndGlobalSection
	GlobalSection(ExtensibilityGlobals) = postSolution
		SolutionGuid = {AB54A70E-5525-4034-93DE-E01A8697C82D}
	EndGlobalSection
EndGlobal
