
Microsoft Visual Studio Solution File, Format Version 12.00
# Visual Studio Version 17
VisualStudioVersion = 17.10.35122.118
MinimumVisualStudioVersion = 10.0.40219.1
Project("{FAE04EC0-301F-11D3-BF4B-00C04F79EFBC}") = "iap_tools", "iap_tools.csproj", "{9DEBDC5C-45DC-4999-8525-CFDF741AE718}"
EndProject
Global
	GlobalSection(SolutionConfigurationPlatforms) = preSolution
		Debug|Any CPU = Debug|Any CPU
		Release|Any CPU = Release|Any CPU
	EndGlobalSection
	GlobalSection(ProjectConfigurationPlatforms) = postSolution
		{9DEBDC5C-45DC-4999-8525-CFDF741AE718}.Debug|Any CPU.ActiveCfg = Debug|Any CPU
		{9DEBDC5C-45DC-4999-8525-CFDF741AE718}.Debug|Any CPU.Build.0 = Debug|Any CPU
		{9DEBDC5C-45DC-4999-8525-CFDF741AE718}.Release|Any CPU.ActiveCfg = Release|Any CPU
		{9DEBDC5C-45DC-4999-8525-CFDF741AE718}.Release|Any CPU.Build.0 = Release|Any CPU
	EndGlobalSection
	GlobalSection(SolutionProperties) = preSolution
		HideSolutionNode = FALSE
	EndGlobalSection
	GlobalSection(ExtensibilityGlobals) = postSolution
		SolutionGuid = {C9EDD47D-292A-4116-BE03-82EF4DFAD8A2}
	EndGlobalSection
EndGlobal
